
Microsoft Visual Studio Solution File, Format Version 12.00
# Visual Studio Version 16
VisualStudioVersion = 16.0.30011.22
MinimumVisualStudioVersion = 10.0.40219.1
Project("{FAE04EC0-301F-11D3-BF4B-00C04F79EFBC}") = "KevinSpacey", "ConsoleApp1\KevinSpacey.csproj", "{BAE8CC30-EB36-4CD0-B368-1A587F3B0CC2}"
EndProject
Project("{2150E333-8FDC-42A3-9474-1A3956D46DE8}") = "NewFolder1", "NewFolder1", "{D5DD255C-89E2-46AE-B954-9118D34C0CC5}"
EndProject
Global
	GlobalSection(SolutionConfigurationPlatforms) = preSolution
		Debug|Any CPU = Debug|Any CPU
		Release|Any CPU = Release|Any CPU
	EndGlobalSection
	GlobalSection(ProjectConfigurationPlatforms) = postSolution
		{BAE8CC30-EB36-4CD0-B368-1A587F3B0CC2}.Debug|Any CPU.ActiveCfg = Debug|Any CPU
		{BAE8CC30-EB36-4CD0-B368-1A587F3B0CC2}.Debug|Any CPU.Build.0 = Debug|Any CPU
		{BAE8CC30-EB36-4CD0-B368-1A587F3B0CC2}.Release|Any CPU.ActiveCfg = Release|Any CPU
		{BAE8CC30-EB36-4CD0-B368-1A587F3B0CC2}.Release|Any CPU.Build.0 = Release|Any CPU
	EndGlobalSection
	GlobalSection(SolutionProperties) = preSolution
		HideSolutionNode = FALSE
	EndGlobalSection
	GlobalSection(ExtensibilityGlobals) = postSolution
		SolutionGuid = {CCF890CF-AAEE-408B-9E93-2AD74C0349BD}
	EndGlobalSection
EndGlobal
